{
  "version": 4,
  "terraform_version": "1.16.2",
  "serial": 1,
  "lineage": "fb64d150-fca7-3daa-4f74-db8d501ed79b",
  "outputs": {},
  "resources": [
    {
      "mode": "managed",
      "type": "local_file",
      "name": "arquivo",
      "provider": "provider[\"registry.terraform.io/hashicorp/local\"]",
      "instances": [
        {
          "schema_version": 0,
          "attributes": {
            "content": "Infraestrutura automatizada com Terraform",
            "content_base64": null,
            "content_base64sha256": "USEtN5yhTsNxLvdQx2bkCbtBTZOAVkMl9ehGPOzIhOg=",
            "content_base64sha512": "l2xf1YyfgzAkiz97f6J8171DR9wryKPMMo3XEn5Q5Gf9ZO+V1quicom33KOZJPttcLiKUEOR/4TLala/YXX6ZQ==",
            "content_md5": "7bb296d78069df37e122dc8010f538f9",
            "content_sha1": "34df4fc6081deedf5ec063c71efa3fda352c00c7",
            "content_sha256": "51212d379ca14ec3712ef750c766e409bb414d9380564325f5e8463cecc884e8",
            "content_sha512": "976c5fd58c9f8330248b3f7b7fa27cd7bd4347dc2bc8a3cc328dd7127e50e467fd64ef95d6aba27289b7dca39924fb6d70b88a504391ff84cb6a56bf6175fa65",
            "directory_permission": "0777",
            "file_permission": "0777",
            "filename": "devops.txt",
            "id": "34df4fc6081deedf5ec063c71efa3fda352c00c7",
            "sensitive_content": null,
            "source": null
          },
          "sensitive_attributes": [
            [
              {
                "type": "get_attr",
                "value": "sensitive_content"
              }
            ]
          ],
          "identity_schema_version": 0
        }
      ]
    }
  ],
  "check_results": null
}
